{
  "lockfileVersion": 1,
  "workspaces": {
    "": {
      "name": "edge",
      "dependencies": {
        "@hono/node-server": "^1.19.4",
        "@hono/zod-openapi": "^1.1.3",
        "@scalar/hono-api-reference": "^0.9.19",
        "better-auth": "^1.3.18",
        "better-sqlite3": "^12.4.1",
        "hono": "^4.9.9",
        "zod": "^4.1.11",
      },
      "devDependencies": {
        "@types/bun": "latest",
      },
      "peerDependencies": {
        "typescript": "^5",
      },
    },
  },
  "packages": {
    "@asteasolutions/zod-to-openapi": ["@asteasolutions/zod-to-openapi@8.1.0", "", { "dependencies": { "openapi3-ts": "^4.1.2" }, "peerDependencies": { "zod": "^4.0.0" } }, "sha512-tQFxVs05J/6QXXqIzj6rTRk3nj1HFs4pe+uThwE95jL5II2JfpVXkK+CqkO7aT0Do5AYqO6LDrKpleLUFXgY+g=="],

    "@better-auth/core": ["@better-auth/core@1.3.18", "", {}, "sha512-eVTpiyFOA70SecGuiXs2qxQq1oWbEiLJMpyOYF8HAHFXHH+iK0Ab8F0stdyJTTYOc9ydjFQgYXmbENG6JqQ3UA=="],

    "@better-auth/utils": ["@better-auth/utils@0.3.0", "", {}, "sha512-W+Adw6ZA6mgvnSnhOki270rwJ42t4XzSK6YWGF//BbVXL6SwCLWfyzBc1lN2m/4RM28KubdBKQ4X5VMoLRNPQw=="],

    "@better-fetch/fetch": ["@better-fetch/fetch@1.1.18", "", {}, "sha512-rEFOE1MYIsBmoMJtQbl32PGHHXuG2hDxvEd7rUHE0vCBoFQVSDqaVs9hkZEtHCxRoY+CljXKFCOuJ8uxqw1LcA=="],

    "@hexagon/base64": ["@hexagon/base64@1.1.28", "", {}, "sha512-lhqDEAvWixy3bZ+UOYbPwUbBkwBq5C1LAJ/xPC8Oi+lL54oyakv/npbA0aU2hgCsx/1NUd4IBvV03+aUBWxerw=="],

    "@hono/node-server": ["@hono/node-server@1.19.4", "", { "peerDependencies": { "hono": "^4" } }, "sha512-AWKQZ/YkHUBSHeL/5Ld8FWgUs6wFf4TxGYxqp9wLZxRdFuHBpXmgOq+CuDoL4vllkZLzovCf5HBJnypiy3EtHA=="],

    "@hono/zod-openapi": ["@hono/zod-openapi@1.1.3", "", { "dependencies": { "@asteasolutions/zod-to-openapi": "^8.1.0", "@hono/zod-validator": "^0.7.3", "openapi3-ts": "^4.5.0" }, "peerDependencies": { "hono": ">=4.3.6", "zod": "^4.0.0" } }, "sha512-ikA8p0Jt7yplxOqbYwdh8rCQWaGN4bu8zK1HbCWqfWT9clo87L32D0eAQ/r0tJodtZbTV5d1vPB75FCkUt1Jdg=="],

    "@hono/zod-validator": ["@hono/zod-validator@0.7.3", "", { "peerDependencies": { "hono": ">=3.9.0", "zod": "^3.25.0 || ^4.0.0" } }, "sha512-uYGdgVib3RlGD698WR5dVM0zB3UuPY5vHKXffGUbUh7r4xY+mFIhF3/v4AcQVLrU5CQdBso8BJr4wuVoCrjTuQ=="],

    "@levischuck/tiny-cbor": ["@levischuck/tiny-cbor@0.2.11", "", {}, "sha512-llBRm4dT4Z89aRsm6u2oEZ8tfwL/2l6BwpZ7JcyieouniDECM5AqNgr/y08zalEIvW3RSK4upYyybDcmjXqAow=="],

    "@noble/ciphers": ["@noble/ciphers@2.0.1", "", {}, "sha512-xHK3XHPUW8DTAobU+G0XT+/w+JLM7/8k1UFdB5xg/zTFPnFCobhftzw8wl4Lw2aq/Rvir5pxfZV5fEazmeCJ2g=="],

    "@noble/hashes": ["@noble/hashes@2.0.1", "", {}, "sha512-XlOlEbQcE9fmuXxrVTXCTlG2nlRXa9Rj3rr5Ue/+tX+nmkgbX720YHh0VR3hBF9xDvwnb8D2shVGOwNx+ulArw=="],

    "@peculiar/asn1-android": ["@peculiar/asn1-android@2.5.0", "", { "dependencies": { "@peculiar/asn1-schema": "^2.5.0", "asn1js": "^3.0.6", "tslib": "^2.8.1" } }, "sha512-t8A83hgghWQkcneRsgGs2ebAlRe54ns88p7ouv8PW2tzF1nAW4yHcL4uZKrFpIU+uszIRzTkcCuie37gpkId0A=="],

    "@peculiar/asn1-cms": ["@peculiar/asn1-cms@2.5.0", "", { "dependencies": { "@peculiar/asn1-schema": "^2.5.0", "@peculiar/asn1-x509": "^2.5.0", "@peculiar/asn1-x509-attr": "^2.5.0", "asn1js": "^3.0.6", "tslib": "^2.8.1" } }, "sha512-p0SjJ3TuuleIvjPM4aYfvYw8Fk1Hn/zAVyPJZTtZ2eE9/MIer6/18ROxX6N/e6edVSfvuZBqhxAj3YgsmSjQ/A=="],

    "@peculiar/asn1-csr": ["@peculiar/asn1-csr@2.5.0", "", { "dependencies": { "@peculiar/asn1-schema": "^2.5.0", "@peculiar/asn1-x509": "^2.5.0", "asn1js": "^3.0.6", "tslib": "^2.8.1" } }, "sha512-ioigvA6WSYN9h/YssMmmoIwgl3RvZlAYx4A/9jD2qaqXZwGcNlAxaw54eSx2QG1Yu7YyBC5Rku3nNoHrQ16YsQ=="],

    "@peculiar/asn1-ecc": ["@peculiar/asn1-ecc@2.5.0", "", { "dependencies": { "@peculiar/asn1-schema": "^2.5.0", "@peculiar/asn1-x509": "^2.5.0", "asn1js": "^3.0.6", "tslib": "^2.8.1" } }, "sha512-t4eYGNhXtLRxaP50h3sfO6aJebUCDGQACoeexcelL4roMFRRVgB20yBIu2LxsPh/tdW9I282gNgMOyg3ywg/mg=="],

    "@peculiar/asn1-pfx": ["@peculiar/asn1-pfx@2.5.0", "", { "dependencies": { "@peculiar/asn1-cms": "^2.5.0", "@peculiar/asn1-pkcs8": "^2.5.0", "@peculiar/asn1-rsa": "^2.5.0", "@peculiar/asn1-schema": "^2.5.0", "asn1js": "^3.0.6", "tslib": "^2.8.1" } }, "sha512-Vj0d0wxJZA+Ztqfb7W+/iu8Uasw6hhKtCdLKXLG/P3kEPIQpqGI4P4YXlROfl7gOCqFIbgsj1HzFIFwQ5s20ug=="],

    "@peculiar/asn1-pkcs8": ["@peculiar/asn1-pkcs8@2.5.0", "", { "dependencies": { "@peculiar/asn1-schema": "^2.5.0", "@peculiar/asn1-x509": "^2.5.0", "asn1js": "^3.0.6", "tslib": "^2.8.1" } }, "sha512-L7599HTI2SLlitlpEP8oAPaJgYssByI4eCwQq2C9eC90otFpm8MRn66PpbKviweAlhinWQ3ZjDD2KIVtx7PaVw=="],

    "@peculiar/asn1-pkcs9": ["@peculiar/asn1-pkcs9@2.5.0", "", { "dependencies": { "@peculiar/asn1-cms": "^2.5.0", "@peculiar/asn1-pfx": "^2.5.0", "@peculiar/asn1-pkcs8": "^2.5.0", "@peculiar/asn1-schema": "^2.5.0", "@peculiar/asn1-x509": "^2.5.0", "@peculiar/asn1-x509-attr": "^2.5.0", "asn1js": "^3.0.6", "tslib": "^2.8.1" } }, "sha512-UgqSMBLNLR5TzEZ5ZzxR45Nk6VJrammxd60WMSkofyNzd3DQLSNycGWSK5Xg3UTYbXcDFyG8pA/7/y/ztVCa6A=="],

    "@peculiar/asn1-rsa": ["@peculiar/asn1-rsa@2.5.0", "", { "dependencies": { "@peculiar/asn1-schema": "^2.5.0", "@peculiar/asn1-x509": "^2.5.0", "asn1js": "^3.0.6", "tslib": "^2.8.1" } }, "sha512-qMZ/vweiTHy9syrkkqWFvbT3eLoedvamcUdnnvwyyUNv5FgFXA3KP8td+ATibnlZ0EANW5PYRm8E6MJzEB/72Q=="],

    "@peculiar/asn1-schema": ["@peculiar/asn1-schema@2.5.0", "", { "dependencies": { "asn1js": "^3.0.6", "pvtsutils": "^1.3.6", "tslib": "^2.8.1" } }, "sha512-YM/nFfskFJSlHqv59ed6dZlLZqtZQwjRVJ4bBAiWV08Oc+1rSd5lDZcBEx0lGDHfSoH3UziI2pXt2UM33KerPQ=="],

    "@peculiar/asn1-x509": ["@peculiar/asn1-x509@2.5.0", "", { "dependencies": { "@peculiar/asn1-schema": "^2.5.0", "asn1js": "^3.0.6", "pvtsutils": "^1.3.6", "tslib": "^2.8.1" } }, "sha512-CpwtMCTJvfvYTFMuiME5IH+8qmDe3yEWzKHe7OOADbGfq7ohxeLaXwQo0q4du3qs0AII3UbLCvb9NF/6q0oTKQ=="],

    "@peculiar/asn1-x509-attr": ["@peculiar/asn1-x509-attr@2.5.0", "", { "dependencies": { "@peculiar/asn1-schema": "^2.5.0", "@peculiar/asn1-x509": "^2.5.0", "asn1js": "^3.0.6", "tslib": "^2.8.1" } }, "sha512-9f0hPOxiJDoG/bfNLAFven+Bd4gwz/VzrCIIWc1025LEI4BXO0U5fOCTNDPbbp2ll+UzqKsZ3g61mpBp74gk9A=="],

    "@peculiar/x509": ["@peculiar/x509@1.14.0", "", { "dependencies": { "@peculiar/asn1-cms": "^2.5.0", "@peculiar/asn1-csr": "^2.5.0", "@peculiar/asn1-ecc": "^2.5.0", "@peculiar/asn1-pkcs9": "^2.5.0", "@peculiar/asn1-rsa": "^2.5.0", "@peculiar/asn1-schema": "^2.5.0", "@peculiar/asn1-x509": "^2.5.0", "pvtsutils": "^1.3.6", "reflect-metadata": "^0.2.2", "tslib": "^2.8.1", "tsyringe": "^4.10.0" } }, "sha512-Yc4PDxN3OrxUPiXgU63c+ZRXKGE8YKF2McTciYhUHFtHVB0KMnjeFSU0qpztGhsp4P0uKix4+J2xEpIEDu8oXg=="],

    "@scalar/core": ["@scalar/core@0.3.17", "", { "dependencies": { "@scalar/types": "0.2.16" } }, "sha512-G6tP+2oorFA90szI8DGiEQ23SmobiuhN93GfTJNpFMhz/kdEtC4lcYawAxL1tWkZhlK/QYRcaCZcVzmpTUgBCA=="],

    "@scalar/hono-api-reference": ["@scalar/hono-api-reference@0.9.19", "", { "dependencies": { "@scalar/core": "0.3.17" }, "peerDependencies": { "hono": "^4.0.0" } }, "sha512-MeBdIwuAAhwvsUt1f9174wASu0C8b4WrXuVdC/6FjrsTxLHSbJVx+XFzZAKF5ex+1kaXjvYrm3fiovRFHLyfJA=="],

    "@scalar/openapi-types": ["@scalar/openapi-types@0.3.7", "", { "dependencies": { "zod": "3.24.1" } }, "sha512-QHSvHBVDze3+dUwAhIGq6l1iOev4jdoqdBK7QpfeN1Q4h+6qpVEw3EEqBiH0AXUSh/iWwObBv4uMgfIx0aNZ5g=="],

    "@scalar/types": ["@scalar/types@0.2.16", "", { "dependencies": { "@scalar/openapi-types": "0.3.7", "nanoid": "5.1.5", "zod": "3.24.1" } }, "sha512-XWff9jWfYaj6q3ww94x66S6Q58u/3kA1sDOUhLAwb9va7r58bzk3NRwLOkEEdJmyEns1MEJAM53mY8KRWX6elA=="],

    "@simplewebauthn/browser": ["@simplewebauthn/browser@13.2.0", "", {}, "sha512-N3fuA1AAnTo5gCStYoIoiasPccC+xPLx2YU88Dv0GeAmPQTWHETlZQq5xZ0DgUq1H9loXMWQH5qqUjcI7BHJ1A=="],

    "@simplewebauthn/server": ["@simplewebauthn/server@13.2.1", "", { "dependencies": { "@hexagon/base64": "^1.1.27", "@levischuck/tiny-cbor": "^0.2.2", "@peculiar/asn1-android": "^2.3.10", "@peculiar/asn1-ecc": "^2.3.8", "@peculiar/asn1-rsa": "^2.3.8", "@peculiar/asn1-schema": "^2.3.8", "@peculiar/asn1-x509": "^2.3.8", "@peculiar/x509": "^1.13.0" } }, "sha512-Inmfye5opZXe3HI0GaksqBnQiM7glcNySoG6DH1GgkO1Lh9dvuV4XSV9DK02DReUVX39HpcDob9nxHELjECoQw=="],

    "@types/bun": ["@types/bun@1.2.22", "", { "dependencies": { "bun-types": "1.2.22" } }, "sha512-5A/KrKos2ZcN0c6ljRSOa1fYIyCKhZfIVYeuyb4snnvomnpFqC0tTsEkdqNxbAgExV384OETQ//WAjl3XbYqQA=="],

    "@types/node": ["@types/node@24.5.2", "", { "dependencies": { "undici-types": "~7.12.0" } }, "sha512-FYxk1I7wPv3K2XBaoyH2cTnocQEu8AOZ60hPbsyukMPLv5/5qr7V1i8PLHdl6Zf87I+xZXFvPCXYjiTFq+YSDQ=="],

    "@types/react": ["@types/react@19.1.15", "", { "dependencies": { "csstype": "^3.0.2" } }, "sha512-+kLxJpaJzXybyDyFXYADyP1cznTO8HSuBpenGlnKOAkH4hyNINiywvXS/tGJhsrGGP/gM185RA3xpjY0Yg4erA=="],

    "asn1js": ["asn1js@3.0.6", "", { "dependencies": { "pvtsutils": "^1.3.6", "pvutils": "^1.1.3", "tslib": "^2.8.1" } }, "sha512-UOCGPYbl0tv8+006qks/dTgV9ajs97X2p0FAbyS2iyCRrmLSRolDaHdp+v/CLgnzHc3fVB+CwYiUmei7ndFcgA=="],

    "base64-js": ["base64-js@1.5.1", "", {}, "sha512-AKpaYlHn8t4SVbOHCy+b5+KKgvR4vrsD8vbvrbiQJps7fKDTkjkDry6ji0rUJjC0kzbNePLwzxq8iypo41qeWA=="],

    "better-auth": ["better-auth@1.3.18", "", { "dependencies": { "@better-auth/core": "1.3.18", "@better-auth/utils": "0.3.0", "@better-fetch/fetch": "^1.1.18", "@noble/ciphers": "^2.0.0", "@noble/hashes": "^2.0.0", "@simplewebauthn/browser": "^13.1.2", "@simplewebauthn/server": "^13.1.2", "better-call": "1.0.19", "defu": "^6.1.4", "jose": "^6.1.0", "kysely": "^0.28.5", "nanostores": "^1.0.1", "zod": "^4.1.5" }, "peerDependencies": { "@lynx-js/react": "*", "@sveltejs/kit": "^2.0.0", "next": "^14.0.0 || ^15.0.0", "react": "^18.0.0 || ^19.0.0", "react-dom": "^18.0.0 || ^19.0.0", "solid-js": "^1.0.0", "svelte": "^4.0.0 || ^5.0.0", "vue": "^3.0.0" }, "optionalPeers": ["@lynx-js/react", "@sveltejs/kit", "next", "react", "react-dom", "solid-js", "svelte", "vue"] }, "sha512-d4/Wlvvg8irDSblQP1KiLEWYppTlDiNXV9U4oP6D463MlMbMn7kbBcJvM6Us7M//rgi/mAzg5xKzuE3Y5B2NrQ=="],

    "better-call": ["better-call@1.0.19", "", { "dependencies": { "@better-auth/utils": "^0.3.0", "@better-fetch/fetch": "^1.1.4", "rou3": "^0.5.1", "set-cookie-parser": "^2.7.1", "uncrypto": "^0.1.3" } }, "sha512-sI3GcA1SCVa3H+CDHl8W8qzhlrckwXOTKhqq3OOPXjgn5aTOMIqGY34zLY/pHA6tRRMjTUC3lz5Mi7EbDA24Kw=="],

    "better-sqlite3": ["better-sqlite3@12.4.1", "", { "dependencies": { "bindings": "^1.5.0", "prebuild-install": "^7.1.1" } }, "sha512-3yVdyZhklTiNrtg+4WqHpJpFDd+WHTg2oM7UcR80GqL05AOV0xEJzc6qNvFYoEtE+hRp1n9MpN6/+4yhlGkDXQ=="],

    "bindings": ["bindings@1.5.0", "", { "dependencies": { "file-uri-to-path": "1.0.0" } }, "sha512-p2q/t/mhvuOj/UeLlV6566GD/guowlr0hHxClI0W9m7MWYkL1F0hLo+0Aexs9HSPCtR1SXQ0TD3MMKrXZajbiQ=="],

    "bl": ["bl@4.1.0", "", { "dependencies": { "buffer": "^5.5.0", "inherits": "^2.0.4", "readable-stream": "^3.4.0" } }, "sha512-1W07cM9gS6DcLperZfFSj+bWLtaPGSOHWhPiGzXmvVJbRLdG82sH/Kn8EtW1VqWVA54AKf2h5k5BbnIbwF3h6w=="],

    "buffer": ["buffer@5.7.1", "", { "dependencies": { "base64-js": "^1.3.1", "ieee754": "^1.1.13" } }, "sha512-EHcyIPBQ4BSGlvjB16k5KgAJ27CIsHY/2JBmCRReo48y9rQ3MaUzWX3KVlBa4U7MyX02HdVj0K7C3WaB3ju7FQ=="],

    "bun-types": ["bun-types@1.2.22", "", { "dependencies": { "@types/node": "*" }, "peerDependencies": { "@types/react": "^19" } }, "sha512-hwaAu8tct/Zn6Zft4U9BsZcXkYomzpHJX28ofvx7k0Zz2HNz54n1n+tDgxoWFGB4PcFvJXJQloPhaV2eP3Q6EA=="],

    "chownr": ["chownr@1.1.4", "", {}, "sha512-jJ0bqzaylmJtVnNgzTeSOs8DPavpbYgEr/b0YL8/2GO3xJEhInFmhKMUnEJQjZumK7KXGFhUy89PrsJWlakBVg=="],

    "csstype": ["csstype@3.1.3", "", {}, "sha512-M1uQkMl8rQK/szD0LNhtqxIPLpimGm8sOBwU7lLnCpSbTyY3yeU1Vc7l4KT5zT4s/yOxHH5O7tIuuLOCnLADRw=="],

    "decompress-response": ["decompress-response@6.0.0", "", { "dependencies": { "mimic-response": "^3.1.0" } }, "sha512-aW35yZM6Bb/4oJlZncMH2LCoZtJXTRxES17vE3hoRiowU2kWHaJKFkSBDnDR+cm9J+9QhXmREyIfv0pji9ejCQ=="],

    "deep-extend": ["deep-extend@0.6.0", "", {}, "sha512-LOHxIOaPYdHlJRtCQfDIVZtfw/ufM8+rVj649RIHzcm/vGwQRXFt6OPqIFWsm2XEMrNIEtWR64sY1LEKD2vAOA=="],

    "defu": ["defu@6.1.4", "", {}, "sha512-mEQCMmwJu317oSz8CwdIOdwf3xMif1ttiM8LTufzc3g6kR+9Pe236twL8j3IYT1F7GfRgGcW6MWxzZjLIkuHIg=="],

    "detect-libc": ["detect-libc@2.1.1", "", {}, "sha512-ecqj/sy1jcK1uWrwpR67UhYrIFQ+5WlGxth34WquCbamhFA6hkkwiu37o6J5xCHdo1oixJRfVRw+ywV+Hq/0Aw=="],

    "end-of-stream": ["end-of-stream@1.4.5", "", { "dependencies": { "once": "^1.4.0" } }, "sha512-ooEGc6HP26xXq/N+GCGOT0JKCLDGrq2bQUZrQ7gyrJiZANJ/8YDTxTpQBXGMn+WbIQXNVpyWymm7KYVICQnyOg=="],

    "expand-template": ["expand-template@2.0.3", "", {}, "sha512-XYfuKMvj4O35f/pOXLObndIRvyQ+/+6AhODh+OKWj9S9498pHHn/IMszH+gt0fBCRWMNfk1ZSp5x3AifmnI2vg=="],

    "file-uri-to-path": ["file-uri-to-path@1.0.0", "", {}, "sha512-0Zt+s3L7Vf1biwWZ29aARiVYLx7iMGnEUl9x33fbB/j3jR81u/O2LbqK+Bm1CDSNDKVtJ/YjwY7TUd5SkeLQLw=="],

    "fs-constants": ["fs-constants@1.0.0", "", {}, "sha512-y6OAwoSIf7FyjMIv94u+b5rdheZEjzR63GTyZJm5qh4Bi+2YgwLCcI/fPFZkL5PSixOt6ZNKm+w+Hfp/Bciwow=="],

    "github-from-package": ["github-from-package@0.0.0", "", {}, "sha512-SyHy3T1v2NUXn29OsWdxmK6RwHD+vkj3v8en8AOBZ1wBQ/hCAQ5bAQTD02kW4W9tUp/3Qh6J8r9EvntiyCmOOw=="],

    "hono": ["hono@4.9.9", "", {}, "sha512-Hxw4wT6zjJGZJdkJzAx9PyBdf7ZpxaTSA0NfxqjLghwMrLBX8p33hJBzoETRakF3UJu6OdNQBZAlNSkGqKFukw=="],

    "ieee754": ["ieee754@1.2.1", "", {}, "sha512-dcyqhDvX1C46lXZcVqCpK+FtMRQVdIMN6/Df5js2zouUsqG7I6sFxitIC+7KYK29KdXOLHdu9zL4sFnoVQnqaA=="],

    "inherits": ["inherits@2.0.4", "", {}, "sha512-k/vGaX4/Yla3WzyMCvTQOXYeIHvqOKtnqBduzTHpzpQZzAskKMhZ2K+EnBiSM9zGSoIFeMpXKxa4dYeZIQqewQ=="],

    "ini": ["ini@1.3.8", "", {}, "sha512-JV/yugV2uzW5iMRSiZAyDtQd+nxtUnjeLt0acNdw98kKLrvuRVyB80tsREOE7yvGVgalhZ6RNXCmEHkUKBKxew=="],

    "jose": ["jose@6.1.0", "", {}, "sha512-TTQJyoEoKcC1lscpVDCSsVgYzUDg/0Bt3WE//WiTPK6uOCQC2KZS4MpugbMWt/zyjkopgZoXhZuCi00gLudfUA=="],

    "kysely": ["kysely@0.28.7", "", {}, "sha512-u/cAuTL4DRIiO2/g4vNGRgklEKNIj5Q3CG7RoUB5DV5SfEC2hMvPxKi0GWPmnzwL2ryIeud2VTcEEmqzTzEPNw=="],

    "mimic-response": ["mimic-response@3.1.0", "", {}, "sha512-z0yWI+4FDrrweS8Zmt4Ej5HdJmky15+L2e6Wgn3+iK5fWzb6T3fhNFq2+MeTRb064c6Wr4N/wv0DzQTjNzHNGQ=="],

    "minimist": ["minimist@1.2.8", "", {}, "sha512-2yyAR8qBkN3YuheJanUpWC5U3bb5osDywNB8RzDVlDwDHbocAJveqqj1u8+SVD7jkWT4yvsHCpWqqWqAxb0zCA=="],

    "mkdirp-classic": ["mkdirp-classic@0.5.3", "", {}, "sha512-gKLcREMhtuZRwRAfqP3RFW+TK4JqApVBtOIftVgjuABpAtpxhPGaDcfvbhNvD0B8iD1oUr/txX35NjcaY6Ns/A=="],

    "nanoid": ["nanoid@5.1.5", "", { "bin": { "nanoid": "bin/nanoid.js" } }, "sha512-Ir/+ZpE9fDsNH0hQ3C68uyThDXzYcim2EqcZ8zn8Chtt1iylPT9xXJB0kPCnqzgcEGikO9RxSrh63MsmVCU7Fw=="],

    "nanostores": ["nanostores@1.0.1", "", {}, "sha512-kNZ9xnoJYKg/AfxjrVL4SS0fKX++4awQReGqWnwTRHxeHGZ1FJFVgTqr/eMrNQdp0Tz7M7tG/TDaX8QfHDwVCw=="],

    "napi-build-utils": ["napi-build-utils@2.0.0", "", {}, "sha512-GEbrYkbfF7MoNaoh2iGG84Mnf/WZfB0GdGEsM8wz7Expx/LlWf5U8t9nvJKXSp3qr5IsEbK04cBGhol/KwOsWA=="],

    "node-abi": ["node-abi@3.77.0", "", { "dependencies": { "semver": "^7.3.5" } }, "sha512-DSmt0OEcLoK4i3NuscSbGjOf3bqiDEutejqENSplMSFA/gmB8mkED9G4pKWnPl7MDU4rSHebKPHeitpDfyH0cQ=="],

    "once": ["once@1.4.0", "", { "dependencies": { "wrappy": "1" } }, "sha512-lNaJgI+2Q5URQBkccEKHTQOPaXdUxnZZElQTZY0MFUAuaEqe1E+Nyvgdz/aIyNi6Z9MzO5dv1H8n58/GELp3+w=="],

    "openapi3-ts": ["openapi3-ts@4.5.0", "", { "dependencies": { "yaml": "^2.8.0" } }, "sha512-jaL+HgTq2Gj5jRcfdutgRGLosCy/hT8sQf6VOy+P+g36cZOjI1iukdPnijC+4CmeRzg/jEllJUboEic2FhxhtQ=="],

    "prebuild-install": ["prebuild-install@7.1.3", "", { "dependencies": { "detect-libc": "^2.0.0", "expand-template": "^2.0.3", "github-from-package": "0.0.0", "minimist": "^1.2.3", "mkdirp-classic": "^0.5.3", "napi-build-utils": "^2.0.0", "node-abi": "^3.3.0", "pump": "^3.0.0", "rc": "^1.2.7", "simple-get": "^4.0.0", "tar-fs": "^2.0.0", "tunnel-agent": "^0.6.0" }, "bin": { "prebuild-install": "bin.js" } }, "sha512-8Mf2cbV7x1cXPUILADGI3wuhfqWvtiLA1iclTDbFRZkgRQS0NqsPZphna9V+HyTEadheuPmjaJMsbzKQFOzLug=="],

    "pump": ["pump@3.0.3", "", { "dependencies": { "end-of-stream": "^1.1.0", "once": "^1.3.1" } }, "sha512-todwxLMY7/heScKmntwQG8CXVkWUOdYxIvY2s0VWAAMh/nd8SoYiRaKjlr7+iCs984f2P8zvrfWcDDYVb73NfA=="],

    "pvtsutils": ["pvtsutils@1.3.6", "", { "dependencies": { "tslib": "^2.8.1" } }, "sha512-PLgQXQ6H2FWCaeRak8vvk1GW462lMxB5s3Jm673N82zI4vqtVUPuZdffdZbPDFRoU8kAhItWFtPCWiPpp4/EDg=="],

    "pvutils": ["pvutils@1.1.3", "", {}, "sha512-pMpnA0qRdFp32b1sJl1wOJNxZLQ2cbQx+k6tjNtZ8CpvVhNqEPRgivZ2WOUev2YMajecdH7ctUPDvEe87nariQ=="],

    "rc": ["rc@1.2.8", "", { "dependencies": { "deep-extend": "^0.6.0", "ini": "~1.3.0", "minimist": "^1.2.0", "strip-json-comments": "~2.0.1" }, "bin": { "rc": "./cli.js" } }, "sha512-y3bGgqKj3QBdxLbLkomlohkvsA8gdAiUQlSBJnBhfn+BPxg4bc62d8TcBW15wavDfgexCgccckhcZvywyQYPOw=="],

    "readable-stream": ["readable-stream@3.6.2", "", { "dependencies": { "inherits": "^2.0.3", "string_decoder": "^1.1.1", "util-deprecate": "^1.0.1" } }, "sha512-9u/sniCrY3D5WdsERHzHE4G2YCXqoG5FTHUiCC4SIbr6XcLZBY05ya9EKjYek9O5xOAwjGq+1JdGBAS7Q9ScoA=="],

    "reflect-metadata": ["reflect-metadata@0.2.2", "", {}, "sha512-urBwgfrvVP/eAyXx4hluJivBKzuEbSQs9rKWCrCkbSxNv8mxPcUZKeuoF3Uy4mJl3Lwprp6yy5/39VWigZ4K6Q=="],

    "rou3": ["rou3@0.5.1", "", {}, "sha512-OXMmJ3zRk2xeXFGfA3K+EOPHC5u7RDFG7lIOx0X1pdnhUkI8MdVrbV+sNsD80ElpUZ+MRHdyxPnFthq9VHs8uQ=="],

    "safe-buffer": ["safe-buffer@5.2.1", "", {}, "sha512-rp3So07KcdmmKbGvgaNxQSJr7bGVSVk5S9Eq1F+ppbRo70+YeaDxkw5Dd8NPN+GD6bjnYm2VuPuCXmpuYvmCXQ=="],

    "semver": ["semver@7.7.2", "", { "bin": { "semver": "bin/semver.js" } }, "sha512-RF0Fw+rO5AMf9MAyaRXI4AV0Ulj5lMHqVxxdSgiVbixSCXoEmmX/jk0CuJw4+3SqroYO9VoUh+HcuJivvtJemA=="],

    "set-cookie-parser": ["set-cookie-parser@2.7.1", "", {}, "sha512-IOc8uWeOZgnb3ptbCURJWNjWUPcO3ZnTTdzsurqERrP6nPyv+paC55vJM0LpOlT2ne+Ix+9+CRG1MNLlyZ4GjQ=="],

    "simple-concat": ["simple-concat@1.0.1", "", {}, "sha512-cSFtAPtRhljv69IK0hTVZQ+OfE9nePi/rtJmw5UjHeVyVroEqJXP1sFztKUy1qU+xvz3u/sfYJLa947b7nAN2Q=="],

    "simple-get": ["simple-get@4.0.1", "", { "dependencies": { "decompress-response": "^6.0.0", "once": "^1.3.1", "simple-concat": "^1.0.0" } }, "sha512-brv7p5WgH0jmQJr1ZDDfKDOSeWWg+OVypG99A/5vYGPqJ6pxiaHLy8nxtFjBA7oMa01ebA9gfh1uMCFqOuXxvA=="],

    "string_decoder": ["string_decoder@1.3.0", "", { "dependencies": { "safe-buffer": "~5.2.0" } }, "sha512-hkRX8U1WjJFd8LsDJ2yQ/wWWxaopEsABU1XfkM8A+j0+85JAGppt16cr1Whg6KIbb4okU6Mql6BOj+uup/wKeA=="],

    "strip-json-comments": ["strip-json-comments@2.0.1", "", {}, "sha512-4gB8na07fecVVkOI6Rs4e7T6NOTki5EmL7TUduTs6bu3EdnSycntVJ4re8kgZA+wx9IueI2Y11bfbgwtzuE0KQ=="],

    "tar-fs": ["tar-fs@2.1.4", "", { "dependencies": { "chownr": "^1.1.1", "mkdirp-classic": "^0.5.2", "pump": "^3.0.0", "tar-stream": "^2.1.4" } }, "sha512-mDAjwmZdh7LTT6pNleZ05Yt65HC3E+NiQzl672vQG38jIrehtJk/J3mNwIg+vShQPcLF/LV7CMnDW6vjj6sfYQ=="],

    "tar-stream": ["tar-stream@2.2.0", "", { "dependencies": { "bl": "^4.0.3", "end-of-stream": "^1.4.1", "fs-constants": "^1.0.0", "inherits": "^2.0.3", "readable-stream": "^3.1.1" } }, "sha512-ujeqbceABgwMZxEJnk2HDY2DlnUZ+9oEcb1KzTVfYHio0UE6dG71n60d8D2I4qNvleWrrXpmjpt7vZeF1LnMZQ=="],

    "tslib": ["tslib@2.8.1", "", {}, "sha512-oJFu94HQb+KVduSUQL7wnpmqnfmLsOA/nAh6b6EH0wCEoK0/mPeXU6c3wKDV83MkOuHPRHtSXKKU99IBazS/2w=="],

    "tsyringe": ["tsyringe@4.10.0", "", { "dependencies": { "tslib": "^1.9.3" } }, "sha512-axr3IdNuVIxnaK5XGEUFTu3YmAQ6lllgrvqfEoR16g/HGnYY/6We4oWENtAnzK6/LpJ2ur9PAb80RBt7/U4ugw=="],

    "tunnel-agent": ["tunnel-agent@0.6.0", "", { "dependencies": { "safe-buffer": "^5.0.1" } }, "sha512-McnNiV1l8RYeY8tBgEpuodCC1mLUdbSN+CYBL7kJsJNInOP8UjDDEwdk6Mw60vdLLrr5NHKZhMAOSrR2NZuQ+w=="],

    "typescript": ["typescript@5.9.2", "", { "bin": { "tsc": "bin/tsc", "tsserver": "bin/tsserver" } }, "sha512-CWBzXQrc/qOkhidw1OzBTQuYRbfyxDXJMVJ1XNwUHGROVmuaeiEm3OslpZ1RV96d7SKKjZKrSJu3+t/xlw3R9A=="],

    "uncrypto": ["uncrypto@0.1.3", "", {}, "sha512-Ql87qFHB3s/De2ClA9e0gsnS6zXG27SkTiSJwjCc9MebbfapQfuPzumMIUMi38ezPZVNFcHI9sUIepeQfw8J8Q=="],

    "undici-types": ["undici-types@7.12.0", "", {}, "sha512-goOacqME2GYyOZZfb5Lgtu+1IDmAlAEu5xnD3+xTzS10hT0vzpf0SPjkXwAw9Jm+4n/mQGDP3LO8CPbYROeBfQ=="],

    "util-deprecate": ["util-deprecate@1.0.2", "", {}, "sha512-EPD5q1uXyFxJpCrLnCc1nHnq3gOa6DZBocAIiI2TaSCA7VCJ1UJDMagCzIkXNsUYfD1daK//LTEQ8xiIbrHtcw=="],

    "wrappy": ["wrappy@1.0.2", "", {}, "sha512-l4Sp/DRseor9wL6EvV2+TuQn63dMkPjZ/sp9XkghTEbV9KlPS1xUsZ3u7/IQO4wxtcFB4bgpQPRcR3QCvezPcQ=="],

    "yaml": ["yaml@2.8.1", "", { "bin": { "yaml": "bin.mjs" } }, "sha512-lcYcMxX2PO9XMGvAJkJ3OsNMw+/7FKes7/hgerGUYWIoWu5j/+YQqcZr5JnPZWzOsEBgMbSbiSTn/dv/69Mkpw=="],

    "zod": ["zod@4.1.11", "", {}, "sha512-WPsqwxITS2tzx1bzhIKsEs19ABD5vmCVa4xBo2tq/SrV4RNZtfws1EnCWQXM6yh8bD08a1idvkB5MZSBiZsjwg=="],

    "@scalar/openapi-types/zod": ["zod@3.24.1", "", {}, "sha512-muH7gBL9sI1nciMZV67X5fTKKBLtwpZ5VBp1vsOQzj1MhrBZ4wlVCm3gedKZWLp0Oyel8sIGfeiz54Su+OVT+A=="],

    "@scalar/types/zod": ["zod@3.24.1", "", {}, "sha512-muH7gBL9sI1nciMZV67X5fTKKBLtwpZ5VBp1vsOQzj1MhrBZ4wlVCm3gedKZWLp0Oyel8sIGfeiz54Su+OVT+A=="],

    "tsyringe/tslib": ["tslib@1.14.1", "", {}, "sha512-Xni35NKzjgMrwevysHTCArtLDpPvye8zV/0E4EyYn43P7/7qvQwPh9BGkHewbMulVntbigmcT7rdX3BNo9wRJg=="],
  }
}
